
Microsoft Visual Studio Solution File, Format Version 12.00
# Visual Studio Version 17
VisualStudioVersion = 17.5.33414.496
MinimumVisualStudioVersion = 10.0.40219.1
Project("{FAE04EC0-301F-11D3-BF4B-00C04F79EFBC}") = "ECObjects.Abstract", "ECObjects.Abstract\ECObjects.Abstract.csproj", "{784208F9-955B-415D-BC6B-28C4BC09CFFD}"
EndProject
Project("{FAE04EC0-301F-11D3-BF4B-00C04F79EFBC}") = "ECObjects", "ECObjects\ECObjects.csproj", "{1603434C-CE04-472B-8212-FC0B20B901E9}"
EndProject
Project("{FAE04EC0-301F-11D3-BF4B-00C04F79EFBC}") = "ConsoleTest", "ConsoleTest\ConsoleTest.csproj", "{3CF59593-3D56-463A-9E82-A8D274964702}"
EndProject
Global
	GlobalSection(SolutionConfigurationPlatforms) = preSolution
		Debug|Any CPU = Debug|Any CPU
		Release|Any CPU = Release|Any CPU
	EndGlobalSection
	GlobalSection(ProjectConfigurationPlatforms) = postSolution
		{784208F9-955B-415D-BC6B-28C4BC09CFFD}.Debug|Any CPU.ActiveCfg = Debug|Any CPU
		{784208F9-955B-415D-BC6B-28C4BC09CFFD}.Debug|Any CPU.Build.0 = Debug|Any CPU
		{784208F9-955B-415D-BC6B-28C4BC09CFFD}.Release|Any CPU.ActiveCfg = Release|Any CPU
		{784208F9-955B-415D-BC6B-28C4BC09CFFD}.Release|Any CPU.Build.0 = Release|Any CPU
		{1603434C-CE04-472B-8212-FC0B20B901E9}.Debug|Any CPU.ActiveCfg = Debug|Any CPU
		{1603434C-CE04-472B-8212-FC0B20B901E9}.Debug|Any CPU.Build.0 = Debug|Any CPU
		{1603434C-CE04-472B-8212-FC0B20B901E9}.Release|Any CPU.ActiveCfg = Release|Any CPU
		{1603434C-CE04-472B-8212-FC0B20B901E9}.Release|Any CPU.Build.0 = Release|Any CPU
		{3CF59593-3D56-463A-9E82-A8D274964702}.Debug|Any CPU.ActiveCfg = Debug|Any CPU
		{3CF59593-3D56-463A-9E82-A8D274964702}.Debug|Any CPU.Build.0 = Debug|Any CPU
		{3CF59593-3D56-463A-9E82-A8D274964702}.Release|Any CPU.ActiveCfg = Release|Any CPU
		{3CF59593-3D56-463A-9E82-A8D274964702}.Release|Any CPU.Build.0 = Release|Any CPU
	EndGlobalSection
	GlobalSection(SolutionProperties) = preSolution
		HideSolutionNode = FALSE
	EndGlobalSection
	GlobalSection(ExtensibilityGlobals) = postSolution
		SolutionGuid = {D118D820-2393-4733-8C94-0F69E5BC6BE5}
	EndGlobalSection
EndGlobal
